// !$*UTF8*$!
{
	archiveVersion = 1;
	classes = {
	};
	objectVersion = 50;
	objects = {

/* Begin PBXBuildFile section */
		9E9D305D253D2F3F00C58464 /* SwiftUITest02_WebkitApp.swift in Sources */ = {isa = PBXBuildFile; fileRef = 9E9D305C253D2F3F00C58464 /* SwiftUITest02_WebkitApp.swift */; };
		9E9D305F253D2F3F00C58464 /* ContentView.swift in Sources */ = {isa = PBXBuildFile; fileRef = 9E9D305E253D2F3F00C58464 /* ContentView.swift */; };
		9E9D3061253D2F4200C58464 /* Assets.xcassets in Resources */ = {isa = PBXBuildFile; fileRef = 9E9D3060253D2F4200C58464 /* Assets.xcassets */; };
		9E9D3064253D2F4200C58464 /* Preview Assets.xcassets in Resources */ = {isa = PBXBuildFile; fileRef = 9E9D3063253D2F4200C58464 /* Preview Assets.xcassets */; };
		9E9D306D253D2F6000C58464 /* MyWebview.swift in Sources */ = {isa = PBXBuildFile; fileRef = 9E9D306C253D2F6000C58464 /* MyWebview.swift */; };
		9EC36786253D306900D59A3C /* MyTextView.swift in Sources */ = {isa = PBXBuildFile; fileRef = 9EC36785253D306900D59A3C /* MyTextView.swift */; };
/* End PBXBuildFile section */

/* Begin PBXFileReference section */
		9E9D3059253D2F3F00C58464 /* SwiftUITest02-Webkit.app */ = {isa = PBXFileReference; explicitFileType = wrapper.application; includeInIndex = 0; path = "SwiftUITest02-Webkit.app"; sourceTree = BUILT_PRODUCTS_DIR; };
		9E9D305C253D2F3F00C58464 /* SwiftUITest02_WebkitApp.swift */ = {isa = PBXFileReference; lastKnownFileType = sourcecode.swift; path = SwiftUITest02_WebkitApp.swift; sourceTree = "<group>"; };
		9E9D305E253D2F3F00C58464 /* ContentView.swift */ = {isa = PBXFileReference; lastKnownFileType = sourcecode.swift; path = ContentView.swift; sourceTree = "<group>"; };
		9E9D3060253D2F4200C58464 /* Assets.xcassets */ = {isa = PBXFileReference; lastKnownFileType = folder.assetcatalog; path = Assets.xcassets; sourceTree = "<group>"; };
		9E9D3063253D2F4200C58464 /* Preview Assets.xcassets */ = {isa = PBXFileReference; lastKnownFileType = folder.assetcatalog; path = "Preview Assets.xcassets"; sourceTree = "<group>"; };
		9E9D3065253D2F4200C58464 /* Info.plist */ = {isa = PBXFileReference; lastKnownFileType = text.plist.xml; path = Info.plist; sourceTree = "<group>"; };
		9E9D306C253D2F6000C58464 /* MyWebview.swift */ = {isa = PBXFileReference; fileEncoding = 4; lastKnownFileType = sourcecode.swift; path = MyWebview.swift; sourceTree = "<group>"; };
		9EC36785253D306900D59A3C /* MyTextView.swift */ = {isa = PBXFileReference; lastKnownFileType = sourcecode.swift; path = MyTextView.swift; sourceTree = "<group>"; };
/* End PBXFileReference section */

/* Begin PBXFrameworksBuildPhase section */
		9E9D3056253D2F3F00C58464 /* Frameworks */ = {
			isa = PBXFrameworksBuildPhase;
			buildActionMask = 2147483647;
			files = (
			);
			runOnlyForDeploymentPostprocessing = 0;
		};
/* End PBXFrameworksBuildPhase section */

/* Begin PBXGroup section */
		9E9D3050253D2F3F00C58464 = {
			isa = PBXGroup;
			children = (
				9E9D305B253D2F3F00C58464 /* SwiftUITest02-Webkit */,
				9E9D305A253D2F3F00C58464 /* Products */,
			);
			sourceTree = "<group>";
		};
		9E9D305A253D2F3F00C58464 /* Products */ = {
			isa = PBXGroup;
			children = (
				9E9D3059253D2F3F00C58464 /* SwiftUITest02-Webkit.app */,
			);
			name = Products;
			sourceTree = "<group>";
		};
		9E9D305B253D2F3F00C58464 /* SwiftUITest02-Webkit */ = {
			isa = PBXGroup;
			children = (
				9E9D306C253D2F6000C58464 /* MyWebview.swift */,
				9E9D305C253D2F3F00C58464 /* SwiftUITest02_WebkitApp.swift */,
				9E9D305E253D2F3F00C58464 /* ContentView.swift */,
				9E9D3060253D2F4200C58464 /* Assets.xcassets */,
				9E9D3065253D2F4200C58464 /* Info.plist */,
				9E9D3062253D2F4200C58464 /* Preview Content */,
				9EC36785253D306900D59A3C /* MyTextView.swift */,
			);
			path = "SwiftUITest02-Webkit";
			sourceTree = "<group>";
		};
		9E9D3062253D2F4200C58464 /* Preview Content */ = {
			isa = PBXGroup;
			children = (
				9E9D3063253D2F4200C58464 /* Preview Assets.xcassets */,
			);
			path = "Preview Content";
			sourceTree = "<group>";
		};
/* End PBXGroup section */

/* Begin PBXNativeTarget section */
		9E9D3058253D2F3F00C58464 /* SwiftUITest02-Webkit */ = {
			isa = PBXNativeTarget;
			buildConfigurationList = 9E9D3068253D2F4200C58464 /* Build configuration list for PBXNativeTarget "SwiftUITest02-Webkit" */;
			buildPhases = (
				9E9D3055253D2F3F00C58464 /* Sources */,
				9E9D3056253D2F3F00C58464 /* Frameworks */,
				9E9D3057253D2F3F00C58464 /* Resources */,
			);
			buildRules = (
			);
			dependencies = (
			);
			name = "SwiftUITest02-Webkit";
			productName = "SwiftUITest02-Webkit";
			productReference = 9E9D3059253D2F3F00C58464 /* SwiftUITest02-Webkit.app */;
			productType = "com.apple.product-type.application";
		};
/* End PBXNativeTarget section */

/* Begin PBXProject section */
		9E9D3051253D2F3F00C58464 /* Project object */ = {
			isa = PBXProject;
			attributes = {
				LastSwiftUpdateCheck = 1200;
				LastUpgradeCheck = 1200;
				TargetAttributes = {
					9E9D3058253D2F3F00C58464 = {
						CreatedOnToolsVersion = 12.0.1;
					};
				};
			};
			buildConfigurationList = 9E9D3054253D2F3F00C58464 /* Build configuration list for PBXProject "SwiftUITest02-Webkit" */;
			compatibilityVersion = "Xcode 9.3";
			developmentRegion = en;
			hasScannedForEncodings = 0;
			knownRegions = (
				en,
				Base,
			);
			mainGroup = 9E9D3050253D2F3F00C58464;
			productRefGroup = 9E9D305A253D2F3F00C58464 /* Products */;
			projectDirPath = "";
			projectRoot = "";
			targets = (
				9E9D3058253D2F3F00C58464 /* SwiftUITest02-Webkit */,
			);
		};
/* End PBXProject section */

/* Begin PBXResourcesBuildPhase section */
		9E9D3057253D2F3F00C58464 /* Resources */ = {
			isa = PBXResourcesBuildPhase;
			buildActionMask = 2147483647;
			files = (
				9E9D3064253D2F4200C58464 /* Preview Assets.xcassets in Resources */,
				9E9D3061253D2F4200C58464 /* Assets.xcassets in Resources */,
			);
			runOnlyForDeploymentPostprocessing = 0;
		};
/* End PBXResourcesBuildPhase section */

/* Begin PBXSourcesBuildPhase section */
		9E9D3055253D2F3F00C58464 /* Sources */ = {
			isa = PBXSourcesBuildPhase;
			buildActionMask = 2147483647;
			files = (
				9E9D305F253D2F3F00C58464 /* ContentView.swift in Sources */,
				9EC36786253D306900D59A3C /* MyTextView.swift in Sources */,
				9E9D306D253D2F6000C58464 /* MyWebview.swift in Sources */,
				9E9D305D253D2F3F00C58464 /* SwiftUITest02_WebkitApp.swift in Sources */,
			);
			runOnlyForDeploymentPostprocessing = 0;
		};
/* End PBXSourcesBuildPhase section */

/* Begin XCBuildConfiguration section */
		9E9D3066253D2F4200C58464 /* Debug */ = {
			isa = XCBuildConfiguration;
			buildSettings = {
				ALWAYS_SEARCH_USER_PATHS = NO;
				CLANG_ANALYZER_NONNULL = YES;
				CLANG_ANALYZER_NUMBER_OBJECT_CONVERSION = YES_AGGRESSIVE;
				CLANG_CXX_LANGUAGE_STANDARD = "gnu++14";
				CLANG_CXX_LIBRARY = "libc++";
				CLANG_ENABLE_MODULES = YES;
				CLANG_ENABLE_OBJC_ARC = YES;
				CLANG_ENABLE_OBJC_WEAK = YES;
				CLANG_WARN_BLOCK_CAPTURE_AUTORELEASING = YES;
				CLANG_WARN_BOOL_CONVERSION = YES;
				CLANG_WARN_COMMA = YES;
				CLANG_WARN_CONSTANT_CONVERSION = YES;
				CLANG_WARN_DEPRECATED_OBJC_IMPLEMENTATIONS = YES;
				CLANG_WARN_DIRECT_OBJC_ISA_USAGE = YES_ERROR;
				CLANG_WARN_DOCUMENTATION_COMMENTS = YES;
				CLANG_WARN_EMPTY_BODY = YES;
				CLANG_WARN_ENUM_CONVERSION = YES;
				CLANG_WARN_INFINITE_RECURSION = YES;
				CLANG_WARN_INT_CONVERSION = YES;
				CLANG_WARN_NON_LITERAL_NULL_CONVERSION = YES;
				CLANG_WARN_OBJC_IMPLICIT_RETAIN_SELF = YES;
				CLANG_WARN_OBJC_LITERAL_CONVERSION = YES;
				CLANG_WARN_OBJC_ROOT_CLASS = YES_ERROR;
				CLANG_WARN_QUOTED_INCLUDE_IN_FRAMEWORK_HEADER = YES;
				CLANG_WARN_RANGE_LOOP_ANALYSIS = YES;
				CLANG_WARN_STRICT_PROTOTYPES = YES;
				CLANG_WARN_SUSPICIOUS_MOVE = YES;
				CLANG_WARN_UNGUARDED_AVAILABILITY = YES_AGGRESSIVE;
				CLANG_WARN_UNREACHABLE_CODE = YES;
				CLANG_WARN__DUPLICATE_METHOD_MATCH = YES;
				COPY_PHASE_STRIP = NO;
				DEBUG_INFORMATION_FORMAT = dwarf;
				ENABLE_STRICT_OBJC_MSGSEND = YES;
				ENABLE_TESTABILITY = YES;
				GCC_C_LANGUAGE_STANDARD = gnu11;
				GCC_DYNAMIC_NO_PIC = NO;
				GCC_NO_COMMON_BLOCKS = YES;
				GCC_OPTIMIZATION_LEVEL = 0;
				GCC_PREPROCESSOR_DEFINITIONS = (
					"DEBUG=1",
					"$(inherited)",
				);
				GCC_WARN_64_TO_32_BIT_CONVERSION = YES;
				GCC_WARN_ABOUT_RETURN_TYPE = YES_ERROR;
				GCC_WARN_UNDECLARED_SELECTOR = YES;
				GCC_WARN_UNINITIALIZED_AUTOS = YES_AGGRESSIVE;
				GCC_WARN_UNUSED_FUNCTION = YES;
				GCC_WARN_UNUSED_VARIABLE = YES;
				IPHONEOS_DEPLOYMENT_TARGET = 12.0;
				MTL_ENABLE_DEBUG_INFO = INCLUDE_SOURCE;
				MTL_FAST_MATH = YES;
				ONLY_ACTIVE_ARCH = YES;
				SDKROOT = iphoneos;
				SWIFT_ACTIVE_COMPILATION_CONDITIONS = DEBUG;
				SWIFT_OPTIMIZATION_LEVEL = "-Onone";
			};
			name = Debug;
		};
		9E9D3067253D2F4200C58464 /* Release */ = {
			isa = XCBuildConfiguration;
			buildSettings = {
				ALWAYS_SEARCH_USER_PATHS = NO;
				CLANG_ANALYZER_NONNULL = YES;
				CLANG_ANALYZER_NUMBER_OBJECT_CONVERSION = YES_AGGRESSIVE;
				CLANG_CXX_LANGUAGE_STANDARD = "gnu++14";
				CLANG_CXX_LIBRARY = "libc++";
				CLANG_ENABLE_MODULES = YES;
				CLANG_ENABLE_OBJC_ARC = YES;
				CLANG_ENABLE_OBJC_WEAK = YES;
				CLANG_WARN_BLOCK_CAPTURE_AUTORELEASING = YES;
				CLANG_WARN_BOOL_CONVERSION = YES;
				CLANG_WARN_COMMA = YES;
				CLANG_WARN_CONSTANT_CONVERSION = YES;
				CLANG_WARN_DEPRECATED_OBJC_IMPLEMENTATIONS = YES;
				CLANG_WARN_DIRECT_OBJC_ISA_USAGE = YES_ERROR;
				CLANG_WARN_DOCUMENTATION_COMMENTS = YES;
				CLANG_WARN_EMPTY_BODY = YES;
				CLANG_WARN_ENUM_CONVERSION = YES;
				CLANG_WARN_INFINITE_RECURSION = YES;
				CLANG_WARN_INT_CONVERSION = YES;
				CLANG_WARN_NON_LITERAL_NULL_CONVERSION = YES;
				CLANG_WARN_OBJC_IMPLICIT_RETAIN_SELF = YES;
				CLANG_WARN_OBJC_LITERAL_CONVERSION = YES;
				CLANG_WARN_OBJC_ROOT_CLASS = YES_ERROR;
				CLANG_WARN_QUOTED_INCLUDE_IN_FRAMEWORK_HEADER = YES;
				CLANG_WARN_RANGE_LOOP_ANALYSIS = YES;
				CLANG_WARN_STRICT_PROTOTYPES = YES;
				CLANG_WARN_SUSPICIOUS_MOVE = YES;
				CLANG_WARN_UNGUARDED_AVAILABILITY = YES_AGGRESSIVE;
				CLANG_WARN_UNREACHABLE_CODE = YES;
				CLANG_WARN__DUPLICATE_METHOD_MATCH = YES;
				COPY_PHASE_STRIP = NO;
				DEBUG_INFORMATION_FORMAT = "dwarf-with-dsym";
				ENABLE_NS_ASSERTIONS = NO;
				ENABLE_STRICT_OBJC_MSGSEND = YES;
				GCC_C_LANGUAGE_STANDARD = gnu11;
				GCC_NO_COMMON_BLOCKS = YES;
				GCC_WARN_64_TO_32_BIT_CONVERSION = YES;
				GCC_WARN_ABOUT_RETURN_TYPE = YES_ERROR;
				GCC_WARN_UNDECLARED_SELECTOR = YES;
				GCC_WARN_UNINITIALIZED_AUTOS = YES_AGGRESSIVE;
				GCC_WARN_UNUSED_FUNCTION = YES;
				GCC_WARN_UNUSED_VARIABLE = YES;
				IPHONEOS_DEPLOYMENT_TARGET = 12.0;
				MTL_ENABLE_DEBUG_INFO = NO;
				MTL_FAST_MATH = YES;
				SDKROOT = iphoneos;
				SWIFT_COMPILATION_MODE = wholemodule;
				SWIFT_OPTIMIZATION_LEVEL = "-O";
				VALIDATE_PRODUCT = YES;
			};
			name = Release;
		};
		9E9D3069253D2F4200C58464 /* Debug */ = {
			isa = XCBuildConfiguration;
			buildSettings = {
				ASSETCATALOG_COMPILER_APPICON_NAME = AppIcon;
				ASSETCATALOG_COMPILER_GLOBAL_ACCENT_COLOR_NAME = AccentColor;
				CODE_SIGN_STYLE = Automatic;
				DEVELOPMENT_ASSET_PATHS = "\"SwiftUITest02-Webkit/Preview Content\"";
				DEVELOPMENT_TEAM = W33H96C7PY;
				ENABLE_PREVIEWS = YES;
				INFOPLIST_FILE = "SwiftUITest02-Webkit/Info.plist";
				IPHONEOS_DEPLOYMENT_TARGET = 14.0;
				LD_RUNPATH_SEARCH_PATHS = (
					"$(inherited)",
					"@executable_path/Frameworks",
				);
				PRODUCT_BUNDLE_IDENTIFIER = "com.jhchoo.SwiftUITest02-Webkit";
				PRODUCT_NAME = "$(TARGET_NAME)";
				SWIFT_VERSION = 5.0;
				TARGETED_DEVICE_FAMILY = "1,2";
			};
			name = Debug;
		};
		9E9D306A253D2F4200C58464 /* Release */ = {
			isa = XCBuildConfiguration;
			buildSettings = {
				ASSETCATALOG_COMPILER_APPICON_NAME = AppIcon;
				ASSETCATALOG_COMPILER_GLOBAL_ACCENT_COLOR_NAME = AccentColor;
				CODE_SIGN_STYLE = Automatic;
				DEVELOPMENT_ASSET_PATHS = "\"SwiftUITest02-Webkit/Preview Content\"";
				DEVELOPMENT_TEAM = W33H96C7PY;
				ENABLE_PREVIEWS = YES;
				INFOPLIST_FILE = "SwiftUITest02-Webkit/Info.plist";
				IPHONEOS_DEPLOYMENT_TARGET = 14.0;
				LD_RUNPATH_SEARCH_PATHS = (
					"$(inherited)",
					"@executable_path/Frameworks",
				);
				PRODUCT_BUNDLE_IDENTIFIER = "com.jhchoo.SwiftUITest02-Webkit";
				PRODUCT_NAME = "$(TARGET_NAME)";
				SWIFT_VERSION = 5.0;
				TARGETED_DEVICE_FAMILY = "1,2";
			};
			name = Release;
		};
/* End XCBuildConfiguration section */

/* Begin XCConfigurationList section */
		9E9D3054253D2F3F00C58464 /* Build configuration list for PBXProject "SwiftUITest02-Webkit" */ = {
			isa = XCConfigurationList;
			buildConfigurations = (
				9E9D3066253D2F4200C58464 /* Debug */,
				9E9D3067253D2F4200C58464 /* Release */,
			);
			defaultConfigurationIsVisible = 0;
			defaultConfigurationName = Release;
		};
		9E9D3068253D2F4200C58464 /* Build configuration list for PBXNativeTarget "SwiftUITest02-Webkit" */ = {
			isa = XCConfigurationList;
			buildConfigurations = (
				9E9D3069253D2F4200C58464 /* Debug */,
				9E9D306A253D2F4200C58464 /* Release */,
			);
			defaultConfigurationIsVisible = 0;
			defaultConfigurationName = Release;
		};
/* End XCConfigurationList section */
	};
	rootObject = 9E9D3051253D2F3F00C58464 /* Project object */;
}
